
Microsoft Visual Studio Solution File, Format Version 12.00
# Visual Studio Version 16
VisualStudioVersion = 16.0.31019.35
MinimumVisualStudioVersion = 10.0.40219.1
Project("{9A19103F-16F7-4668-BE54-9A1E7A4F7556}") = "NotePadServerAPI", "NotePadServerAPI\NotePadServerAPI.csproj", "{5F90C4B5-BE6D-4DA8-88AA-305CDC8E6BCF}"
EndProject
Project("{FAE04EC0-301F-11D3-BF4B-00C04F79EFBC}") = "NotePadServerAPI.Tests", "NotePadServerAPI.Tests\NotePadServerAPI.Tests.csproj", "{0665344C-5EEF-4FCA-AEC6-E7ABF9541518}"
EndProject
Global
	GlobalSection(SolutionConfigurationPlatforms) = preSolution
		Debug|Any CPU = Debug|Any CPU
		Release|Any CPU = Release|Any CPU
	EndGlobalSection
	GlobalSection(ProjectConfigurationPlatforms) = postSolution
		{5F90C4B5-BE6D-4DA8-88AA-305CDC8E6BCF}.Debug|Any CPU.ActiveCfg = Debug|Any CPU
		{5F90C4B5-BE6D-4DA8-88AA-305CDC8E6BCF}.Debug|Any CPU.Build.0 = Debug|Any CPU
		{5F90C4B5-BE6D-4DA8-88AA-305CDC8E6BCF}.Release|Any CPU.ActiveCfg = Release|Any CPU
		{5F90C4B5-BE6D-4DA8-88AA-305CDC8E6BCF}.Release|Any CPU.Build.0 = Release|Any CPU
		{0665344C-5EEF-4FCA-AEC6-E7ABF9541518}.Debug|Any CPU.ActiveCfg = Debug|Any CPU
		{0665344C-5EEF-4FCA-AEC6-E7ABF9541518}.Debug|Any CPU.Build.0 = Debug|Any CPU
		{0665344C-5EEF-4FCA-AEC6-E7ABF9541518}.Release|Any CPU.ActiveCfg = Release|Any CPU
		{0665344C-5EEF-4FCA-AEC6-E7ABF9541518}.Release|Any CPU.Build.0 = Release|Any CPU
	EndGlobalSection
	GlobalSection(SolutionProperties) = preSolution
		HideSolutionNode = FALSE
	EndGlobalSection
	GlobalSection(ExtensibilityGlobals) = postSolution
		SolutionGuid = {AB24F365-E9D8-476D-9394-DEDE02102483}
	EndGlobalSection
EndGlobal
